Microsoft Visual Studio Solution File, Format Version 12.00
# Visual Studio Version 17
VisualStudioVersion = 17.5.2.0
MinimumVisualStudioVersion = 10.0.40219.1
Project("{FAE04EC0-301F-11D3-BF4B-00C04F79EFBC}") = "PlayerList", "PlayerList\PlayerList.csproj", "{FFE2304E-1F2E-2D4C-EAD7-CB51082DA186}"
EndProject
Global
	GlobalSection(SolutionConfigurationPlatforms) = preSolution
		Debug|Any CPU = Debug|Any CPU
		Release|Any CPU = Release|Any CPU
	EndGlobalSection
	GlobalSection(ProjectConfigurationPlatforms) = postSolution
		{FFE2304E-1F2E-2D4C-EAD7-CB51082DA186}.Debug|Any CPU.ActiveCfg = Debug|Any CPU
		{FFE2304E-1F2E-2D4C-EAD7-CB51082DA186}.Debug|Any CPU.Build.0 = Debug|Any CPU
		{FFE2304E-1F2E-2D4C-EAD7-CB51082DA186}.Release|Any CPU.ActiveCfg = Release|Any CPU
		{FFE2304E-1F2E-2D4C-EAD7-CB51082DA186}.Release|Any CPU.Build.0 = Release|Any CPU
	EndGlobalSection
	GlobalSection(SolutionProperties) = preSolution
		HideSolutionNode = FALSE
	EndGlobalSection
	GlobalSection(ExtensibilityGlobals) = postSolution
		SolutionGuid = {15278D66-8DA1-415B-8E5A-1D4691AC0AAF}
	EndGlobalSection
EndGlobal
